
Microsoft Visual Studio Solution File, Format Version 12.00
# Visual Studio Version 16
VisualStudioVersion = 16.0.31129.286
MinimumVisualStudioVersion = 10.0.40219.1
Project("{FAE04EC0-301F-11D3-BF4B-00C04F79EFBC}") = "STUDENTPORTAL", "STUDENTPORTAL.csproj", "{D10AB120-DC8D-498D-89C7-719CCC61A97B}"
EndProject
Global
	GlobalSection(SolutionConfigurationPlatforms) = preSolution
		Debug|Any CPU = Debug|Any CPU
		Release|Any CPU = Release|Any CPU
	EndGlobalSection
	GlobalSection(ProjectConfigurationPlatforms) = postSolution
		{D10AB120-DC8D-498D-89C7-719CCC61A97B}.Debug|Any CPU.ActiveCfg = Debug|Any CPU
		{D10AB120-DC8D-498D-89C7-719CCC61A97B}.Debug|Any CPU.Build.0 = Debug|Any CPU
		{D10AB120-DC8D-498D-89C7-719CCC61A97B}.Release|Any CPU.ActiveCfg = Release|Any CPU
		{D10AB120-DC8D-498D-89C7-719CCC61A97B}.Release|Any CPU.Build.0 = Release|Any CPU
	EndGlobalSection
	GlobalSection(SolutionProperties) = preSolution
		HideSolutionNode = FALSE
	EndGlobalSection
	GlobalSection(ExtensibilityGlobals) = postSolution
		SolutionGuid = {F64BF16B-AE5C-4580-848F-75D050215F58}
	EndGlobalSection
EndGlobal
